// !$*UTF8*$!
{
	archiveVersion = 1;
	classes = {
	};
	objectVersion = 46;
	objects = {

/* Begin PBXBuildFile section */
		5D04343E1E4896FD0095AF5A /* AppDelegate.swift in Sources */ = {isa = PBXBuildFile; fileRef = 5D04343D1E4896FD0095AF5A /* AppDelegate.swift */; };
		5D0434401E4896FD0095AF5A /* ViewController.swift in Sources */ = {isa = PBXBuildFile; fileRef = 5D04343F1E4896FD0095AF5A /* ViewController.swift */; };
		5D0434431E4896FD0095AF5A /* Main.storyboard in Resources */ = {isa = PBXBuildFile; fileRef = 5D0434411E4896FD0095AF5A /* Main.storyboard */; };
		5D0434451E4896FD0095AF5A /* Assets.xcassets in Resources */ = {isa = PBXBuildFile; fileRef = 5D0434441E4896FD0095AF5A /* Assets.xcassets */; };
		5D0434481E4896FD0095AF5A /* LaunchScreen.storyboard in Resources */ = {isa = PBXBuildFile; fileRef = 5D0434461E4896FD0095AF5A /* LaunchScreen.storyboard */; };
		5DACB2481E6D811D0097D98D /* Dish.storyboard in Resources */ = {isa = PBXBuildFile; fileRef = 5DACB2471E6D811D0097D98D /* Dish.storyboard */; };
		5DACB24A1E6D82B80097D98D /* InfoViewController.swift in Sources */ = {isa = PBXBuildFile; fileRef = 5DACB2491E6D82B80097D98D /* InfoViewController.swift */; };
		5DACB24C1E6F01220097D98D /* DishViewController.swift in Sources */ = {isa = PBXBuildFile; fileRef = 5DACB24B1E6F01220097D98D /* DishViewController.swift */; };
		5DF257BB1E74342E00E75F39 /* EditInfoViewController.swift in Sources */ = {isa = PBXBuildFile; fileRef = 5DF257BA1E74342E00E75F39 /* EditInfoViewController.swift */; };
		5DF257BD1E7440A300E75F39 /* InfoDetail.swift in Sources */ = {isa = PBXBuildFile; fileRef = 5DF257BC1E7440A300E75F39 /* InfoDetail.swift */; };
		5DFF7D4D1E71944A00E6940A /* LoversTable.storyboard in Resources */ = {isa = PBXBuildFile; fileRef = 5DFF7D4C1E71944A00E6940A /* LoversTable.storyboard */; };
		5DFF7D4F1E71959200E6940A /* LoversTableViewController.swift in Sources */ = {isa = PBXBuildFile; fileRef = 5DFF7D4E1E71959200E6940A /* LoversTableViewController.swift */; };
/* End PBXBuildFile section */

/* Begin PBXFileReference section */
		5D04343A1E4896FD0095AF5A /* cacago.app */ = {isa = PBXFileReference; explicitFileType = wrapper.application; includeInIndex = 0; path = cacago.app; sourceTree = BUILT_PRODUCTS_DIR; };
		5D04343D1E4896FD0095AF5A /* AppDelegate.swift */ = {isa = PBXFileReference; lastKnownFileType = sourcecode.swift; path = AppDelegate.swift; sourceTree = "<group>"; };
		5D04343F1E4896FD0095AF5A /* ViewController.swift */ = {isa = PBXFileReference; lastKnownFileType = sourcecode.swift; path = ViewController.swift; sourceTree = "<group>"; };
		5D0434421E4896FD0095AF5A /* Base */ = {isa = PBXFileReference; lastKnownFileType = file.storyboard; name = Base; path = Base.lproj/Main.storyboard; sourceTree = "<group>"; };
		5D0434441E4896FD0095AF5A /* Assets.xcassets */ = {isa = PBXFileReference; lastKnownFileType = folder.assetcatalog; path = Assets.xcassets; sourceTree = "<group>"; };
		5D0434471E4896FD0095AF5A /* Base */ = {isa = PBXFileReference; lastKnownFileType = file.storyboard; name = Base; path = Base.lproj/LaunchScreen.storyboard; sourceTree = "<group>"; };
		5D0434491E4896FD0095AF5A /* Info.plist */ = {isa = PBXFileReference; lastKnownFileType = text.plist.xml; path = Info.plist; sourceTree = "<group>"; };
		5DACB2471E6D811D0097D98D /* Dish.storyboard */ = {isa = PBXFileReference; fileEncoding = 4; lastKnownFileType = file.storyboard; path = Dish.storyboard; sourceTree = "<group>"; };
		5DACB2491E6D82B80097D98D /* InfoViewController.swift */ = {isa = PBXFileReference; fileEncoding = 4; lastKnownFileType = sourcecode.swift; path = InfoViewController.swift; sourceTree = "<group>"; };
		5DACB24B1E6F01220097D98D /* DishViewController.swift */ = {isa = PBXFileReference; fileEncoding = 4; lastKnownFileType = sourcecode.swift; name = DishViewController.swift; path = ../DishViewController.swift; sourceTree = "<group>"; };
		5DF257BA1E74342E00E75F39 /* EditInfoViewController.swift */ = {isa = PBXFileReference; fileEncoding = 4; lastKnownFileType = sourcecode.swift; path = EditInfoViewController.swift; sourceTree = "<group>"; };
		5DF257BC1E7440A300E75F39 /* InfoDetail.swift */ = {isa = PBXFileReference; fileEncoding = 4; lastKnownFileType = sourcecode.swift; path = InfoDetail.swift; sourceTree = "<group>"; };
		5DF6F9741E59E7D300010666 /* MyHomework5.playground */ = {isa = PBXFileReference; lastKnownFileType = file.playground; path = MyHomework5.playground; sourceTree = "<group>"; };
		5DFF7D4C1E71944A00E6940A /* LoversTable.storyboard */ = {isa = PBXFileReference; fileEncoding = 4; lastKnownFileType = file.storyboard; path = LoversTable.storyboard; sourceTree = "<group>"; };
		5DFF7D4E1E71959200E6940A /* LoversTableViewController.swift */ = {isa = PBXFileReference; fileEncoding = 4; lastKnownFileType = sourcecode.swift; path = LoversTableViewController.swift; sourceTree = "<group>"; };
/* End PBXFileReference section */

/* Begin PBXFrameworksBuildPhase section */
		5D0434371E4896FC0095AF5A /* Frameworks */ = {
			isa = PBXFrameworksBuildPhase;
			buildActionMask = 2147483647;
			files = (
			);
			runOnlyForDeploymentPostprocessing = 0;
		};
/* End PBXFrameworksBuildPhase section */

/* Begin PBXGroup section */
		5D0434311E4896FC0095AF5A = {
			isa = PBXGroup;
			children = (
				5DF6F9741E59E7D300010666 /* MyHomework5.playground */,
				5D04343C1E4896FD0095AF5A /* cacago */,
				5D04343B1E4896FD0095AF5A /* Products */,
			);
			sourceTree = "<group>";
		};
		5D04343B1E4896FD0095AF5A /* Products */ = {
			isa = PBXGroup;
			children = (
				5D04343A1E4896FD0095AF5A /* cacago.app */,
			);
			name = Products;
			sourceTree = "<group>";
		};
		5D04343C1E4896FD0095AF5A /* cacago */ = {
			isa = PBXGroup;
			children = (
				5D04343D1E4896FD0095AF5A /* AppDelegate.swift */,
				5DACB24B1E6F01220097D98D /* DishViewController.swift */,
				5DF257BC1E7440A300E75F39 /* InfoDetail.swift */,
				5DFF7D4C1E71944A00E6940A /* LoversTable.storyboard */,
				5DFF7D4E1E71959200E6940A /* LoversTableViewController.swift */,
				5D04343F1E4896FD0095AF5A /* ViewController.swift */,
				5D0434411E4896FD0095AF5A /* Main.storyboard */,
				5D0434441E4896FD0095AF5A /* Assets.xcassets */,
				5DACB2471E6D811D0097D98D /* Dish.storyboard */,
				5DF257BA1E74342E00E75F39 /* EditInfoViewController.swift */,
				5DACB2491E6D82B80097D98D /* InfoViewController.swift */,
				5D0434461E4896FD0095AF5A /* LaunchScreen.storyboard */,
				5D0434491E4896FD0095AF5A /* Info.plist */,
			);
			path = cacago;
			sourceTree = "<group>";
		};
/* End PBXGroup section */

/* Begin PBXNativeTarget section */
		5D0434391E4896FC0095AF5A /* cacago */ = {
			isa = PBXNativeTarget;
			buildConfigurationList = 5D04344C1E4896FD0095AF5A /* Build configuration list for PBXNativeTarget "cacago" */;
			buildPhases = (
				5D0434361E4896FC0095AF5A /* Sources */,
				5D0434371E4896FC0095AF5A /* Frameworks */,
				5D0434381E4896FC0095AF5A /* Resources */,
			);
			buildRules = (
			);
			dependencies = (
			);
			name = cacago;
			productName = cacago;
			productReference = 5D04343A1E4896FD0095AF5A /* cacago.app */;
			productType = "com.apple.product-type.application";
		};
/* End PBXNativeTarget section */

/* Begin PBXProject section */
		5D0434321E4896FC0095AF5A /* Project object */ = {
			isa = PBXProject;
			attributes = {
				LastSwiftUpdateCheck = 0820;
				LastUpgradeCheck = 0820;
				ORGANIZATIONNAME = "林淑微";
				TargetAttributes = {
					5D0434391E4896FC0095AF5A = {
						CreatedOnToolsVersion = 8.2.1;
						DevelopmentTeam = E3293677L4;
						ProvisioningStyle = Automatic;
					};
				};
			};
			buildConfigurationList = 5D0434351E4896FC0095AF5A /* Build configuration list for PBXProject "cacago" */;
			compatibilityVersion = "Xcode 3.2";
			developmentRegion = English;
			hasScannedForEncodings = 0;
			knownRegions = (
				en,
				Base,
			);
			mainGroup = 5D0434311E4896FC0095AF5A;
			productRefGroup = 5D04343B1E4896FD0095AF5A /* Products */;
			projectDirPath = "";
			projectRoot = "";
			targets = (
				5D0434391E4896FC0095AF5A /* cacago */,
			);
		};
/* End PBXProject section */

/* Begin PBXResourcesBuildPhase section */
		5D0434381E4896FC0095AF5A /* Resources */ = {
			isa = PBXResourcesBuildPhase;
			buildActionMask = 2147483647;
			files = (
				5DACB2481E6D811D0097D98D /* Dish.storyboard in Resources */,
				5D0434481E4896FD0095AF5A /* LaunchScreen.storyboard in Resources */,
				5D0434451E4896FD0095AF5A /* Assets.xcassets in Resources */,
				5D0434431E4896FD0095AF5A /* Main.storyboard in Resources */,
				5DFF7D4D1E71944A00E6940A /* LoversTable.storyboard in Resources */,
			);
			runOnlyForDeploymentPostprocessing = 0;
		};
/* End PBXResourcesBuildPhase section */

/* Begin PBXSourcesBuildPhase section */
		5D0434361E4896FC0095AF5A /* Sources */ = {
			isa = PBXSourcesBuildPhase;
			buildActionMask = 2147483647;
			files = (
				5D0434401E4896FD0095AF5A /* ViewController.swift in Sources */,
				5DFF7D4F1E71959200E6940A /* LoversTableViewController.swift in Sources */,
				5DACB24A1E6D82B80097D98D /* InfoViewController.swift in Sources */,
				5DACB24C1E6F01220097D98D /* DishViewController.swift in Sources */,
				5DF257BB1E74342E00E75F39 /* EditInfoViewController.swift in Sources */,
				5DF257BD1E7440A300E75F39 /* InfoDetail.swift in Sources */,
				5D04343E1E4896FD0095AF5A /* AppDelegate.swift in Sources */,
			);
			runOnlyForDeploymentPostprocessing = 0;
		};
/* End PBXSourcesBuildPhase section */

/* Begin PBXVariantGroup section */
		5D0434411E4896FD0095AF5A /* Main.storyboard */ = {
			isa = PBXVariantGroup;
			children = (
				5D0434421E4896FD0095AF5A /* Base */,
			);
			name = Main.storyboard;
			sourceTree = "<group>";
		};
		5D0434461E4896FD0095AF5A /* LaunchScreen.storyboard */ = {
			isa = PBXVariantGroup;
			children = (
				5D0434471E4896FD0095AF5A /* Base */,
			);
			name = LaunchScreen.storyboard;
			sourceTree = "<group>";
		};
/* End PBXVariantGroup section */

/* Begin XCBuildConfiguration section */
		5D04344A1E4896FD0095AF5A /* Debug */ = {
			isa = XCBuildConfiguration;
			buildSettings = {
				ALWAYS_SEARCH_USER_PATHS = NO;
				CLANG_ANALYZER_NONNULL = YES;
				CLANG_CXX_LANGUAGE_STANDARD = "gnu++0x";
				CLANG_CXX_LIBRARY = "libc++";
				CLANG_ENABLE_MODULES = YES;
				CLANG_ENABLE_OBJC_ARC = YES;
				CLANG_WARN_BOOL_CONVERSION = YES;
				CLANG_WARN_CONSTANT_CONVERSION = YES;
				CLANG_WARN_DIRECT_OBJC_ISA_USAGE = YES_ERROR;
				CLANG_WARN_DOCUMENTATION_COMMENTS = YES;
				CLANG_WARN_EMPTY_BODY = YES;
				CLANG_WARN_ENUM_CONVERSION = YES;
				CLANG_WARN_INFINITE_RECURSION = YES;
				CLANG_WARN_INT_CONVERSION = YES;
				CLANG_WARN_OBJC_ROOT_CLASS = YES_ERROR;
				CLANG_WARN_SUSPICIOUS_MOVE = YES;
				CLANG_WARN_UNREACHABLE_CODE = YES;
				CLANG_WARN__DUPLICATE_METHOD_MATCH = YES;
				"CODE_SIGN_IDENTITY[sdk=iphoneos*]" = "iPhone Developer";
				COPY_PHASE_STRIP = NO;
				DEBUG_INFORMATION_FORMAT = dwarf;
				ENABLE_STRICT_OBJC_MSGSEND = YES;
				ENABLE_TESTABILITY = YES;
				GCC_C_LANGUAGE_STANDARD = gnu99;
				GCC_DYNAMIC_NO_PIC = NO;
				GCC_NO_COMMON_BLOCKS = YES;
				GCC_OPTIMIZATION_LEVEL = 0;
				GCC_PREPROCESSOR_DEFINITIONS = (
					"DEBUG=1",
					"$(inherited)",
				);
				GCC_WARN_64_TO_32_BIT_CONVERSION = YES;
				GCC_WARN_ABOUT_RETURN_TYPE = YES_ERROR;
				GCC_WARN_UNDECLARED_SELECTOR = YES;
				GCC_WARN_UNINITIALIZED_AUTOS = YES_AGGRESSIVE;
				GCC_WARN_UNUSED_FUNCTION = YES;
				GCC_WARN_UNUSED_VARIABLE = YES;
				IPHONEOS_DEPLOYMENT_TARGET = 9.3;
				MTL_ENABLE_DEBUG_INFO = YES;
				ONLY_ACTIVE_ARCH = YES;
				SDKROOT = iphoneos;
				SWIFT_ACTIVE_COMPILATION_CONDITIONS = DEBUG;
				SWIFT_OPTIMIZATION_LEVEL = "-Onone";
			};
			name = Debug;
		};
		5D04344B1E4896FD0095AF5A /* Release */ = {
			isa = XCBuildConfiguration;
			buildSettings = {
				ALWAYS_SEARCH_USER_PATHS = NO;
				CLANG_ANALYZER_NONNULL = YES;
				CLANG_CXX_LANGUAGE_STANDARD = "gnu++0x";
				CLANG_CXX_LIBRARY = "libc++";
				CLANG_ENABLE_MODULES = YES;
				CLANG_ENABLE_OBJC_ARC = YES;
				CLANG_WARN_BOOL_CONVERSION = YES;
				CLANG_WARN_CONSTANT_CONVERSION = YES;
				CLANG_WARN_DIRECT_OBJC_ISA_USAGE = YES_ERROR;
				CLANG_WARN_DOCUMENTATION_COMMENTS = YES;
				CLANG_WARN_EMPTY_BODY = YES;
				CLANG_WARN_ENUM_CONVERSION = YES;
				CLANG_WARN_INFINITE_RECURSION = YES;
				CLANG_WARN_INT_CONVERSION = YES;
				CLANG_WARN_OBJC_ROOT_CLASS = YES_ERROR;
				CLANG_WARN_SUSPICIOUS_MOVE = YES;
				CLANG_WARN_UNREACHABLE_CODE = YES;
				CLANG_WARN__DUPLICATE_METHOD_MATCH = YES;
				"CODE_SIGN_IDENTITY[sdk=iphoneos*]" = "iPhone Developer";
				COPY_PHASE_STRIP = NO;
				DEBUG_INFORMATION_FORMAT = "dwarf-with-dsym";
				ENABLE_NS_ASSERTIONS = NO;
				ENABLE_STRICT_OBJC_MSGSEND = YES;
				GCC_C_LANGUAGE_STANDARD = gnu99;
				GCC_NO_COMMON_BLOCKS = YES;
				GCC_WARN_64_TO_32_BIT_CONVERSION = YES;
				GCC_WARN_ABOUT_RETURN_TYPE = YES_ERROR;
				GCC_WARN_UNDECLARED_SELECTOR = YES;
				GCC_WARN_UNINITIALIZED_AUTOS = YES_AGGRESSIVE;
				GCC_WARN_UNUSED_FUNCTION = YES;
				GCC_WARN_UNUSED_VARIABLE = YES;
				IPHONEOS_DEPLOYMENT_TARGET = 9.3;
				MTL_ENABLE_DEBUG_INFO = NO;
				SDKROOT = iphoneos;
				SWIFT_OPTIMIZATION_LEVEL = "-Owholemodule";
				VALIDATE_PRODUCT = YES;
			};
			name = Release;
		};
		5D04344D1E4896FD0095AF5A /* Debug */ = {
			isa = XCBuildConfiguration;
			buildSettings = {
				ASSETCATALOG_COMPILER_APPICON_NAME = AppIcon;
				DEVELOPMENT_TEAM = E3293677L4;
				INFOPLIST_FILE = cacago/Info.plist;
				LD_RUNPATH_SEARCH_PATHS = "$(inherited) @executable_path/Frameworks";
				PRODUCT_BUNDLE_IDENTIFIER = cacagogo.cacago;
				PRODUCT_NAME = "$(TARGET_NAME)";
				SWIFT_VERSION = 3.0;
				TARGETED_DEVICE_FAMILY = 1;
			};
			name = Debug;
		};
		5D04344E1E4896FD0095AF5A /* Release */ = {
			isa = XCBuildConfiguration;
			buildSettings = {
				ASSETCATALOG_COMPILER_APPICON_NAME = AppIcon;
				DEVELOPMENT_TEAM = E3293677L4;
				INFOPLIST_FILE = cacago/Info.plist;
				LD_RUNPATH_SEARCH_PATHS = "$(inherited) @executable_path/Frameworks";
				PRODUCT_BUNDLE_IDENTIFIER = cacagogo.cacago;
				PRODUCT_NAME = "$(TARGET_NAME)";
				SWIFT_VERSION = 3.0;
				TARGETED_DEVICE_FAMILY = 1;
			};
			name = Release;
		};
/* End XCBuildConfiguration section */

/* Begin XCConfigurationList section */
		5D0434351E4896FC0095AF5A /* Build configuration list for PBXProject "cacago" */ = {
			isa = XCConfigurationList;
			buildConfigurations = (
				5D04344A1E4896FD0095AF5A /* Debug */,
				5D04344B1E4896FD0095AF5A /* Release */,
			);
			defaultConfigurationIsVisible = 0;
			defaultConfigurationName = Release;
		};
		5D04344C1E4896FD0095AF5A /* Build configuration list for PBXNativeTarget "cacago" */ = {
			isa = XCConfigurationList;
			buildConfigurations = (
				5D04344D1E4896FD0095AF5A /* Debug */,
				5D04344E1E4896FD0095AF5A /* Release */,
			);
			defaultConfigurationIsVisible = 0;
			defaultConfigurationName = Release;
		};
/* End XCConfigurationList section */
	};
	rootObject = 5D0434321E4896FC0095AF5A /* Project object */;
}
